
Microsoft Visual Studio Solution File, Format Version 12.00
# Visual Studio 14
VisualStudioVersion = 14.0.23107.0
MinimumVisualStudioVersion = 10.0.40219.1
Project("{FAE04EC0-301F-11D3-BF4B-00C04F79EFBC}") = "Extensive Engineer Report", "Extensive Engineer Report.csproj", "{0E8C219B-645B-457B-8E9F-EA274D4BC88E}"
EndProject
Project("{2150E333-8FDC-42A3-9474-1A3956D46DE8}") = "Solution Items", "Solution Items", "{4D481D58-23D5-4292-B9C3-EADFD50AD376}"
	ProjectSection(SolutionItems) = preProject
		LICENSE.txt = LICENSE.txt
		README.md = README.md
	EndProjectSection
EndProject
Global
	GlobalSection(SolutionConfigurationPlatforms) = preSolution
		Debug|Any CPU = Debug|Any CPU
		Release|Any CPU = Release|Any CPU
	EndGlobalSection
	GlobalSection(ProjectConfigurationPlatforms) = postSolution
		{0E8C219B-645B-457B-8E9F-EA274D4BC88E}.Debug|Any CPU.ActiveCfg = Debug|Any CPU
		{0E8C219B-645B-457B-8E9F-EA274D4BC88E}.Debug|Any CPU.Build.0 = Debug|Any CPU
		{0E8C219B-645B-457B-8E9F-EA274D4BC88E}.Release|Any CPU.ActiveCfg = Release|Any CPU
		{0E8C219B-645B-457B-8E9F-EA274D4BC88E}.Release|Any CPU.Build.0 = Release|Any CPU
	EndGlobalSection
	GlobalSection(SolutionProperties) = preSolution
		HideSolutionNode = FALSE
	EndGlobalSection
EndGlobal
